
Microsoft Visual Studio Solution File, Format Version 12.00
# Visual Studio Version 17
VisualStudioVersion = 17.5.33530.505
MinimumVisualStudioVersion = 10.0.40219.1
Project("{FAE04EC0-301F-11D3-BF4B-00C04F79EFBC}") = "AjudaAiAPI", "AjudaAiAPI\AjudaAiAPI.csproj", "{5E99F330-7231-4953-AA71-4BEB54B57B48}"
EndProject
Global
	GlobalSection(SolutionConfigurationPlatforms) = preSolution
		Debug|Any CPU = Debug|Any CPU
		Release|Any CPU = Release|Any CPU
	EndGlobalSection
	GlobalSection(ProjectConfigurationPlatforms) = postSolution
		{5E99F330-7231-4953-AA71-4BEB54B57B48}.Debug|Any CPU.ActiveCfg = Debug|Any CPU
		{5E99F330-7231-4953-AA71-4BEB54B57B48}.Debug|Any CPU.Build.0 = Debug|Any CPU
		{5E99F330-7231-4953-AA71-4BEB54B57B48}.Release|Any CPU.ActiveCfg = Release|Any CPU
		{5E99F330-7231-4953-AA71-4BEB54B57B48}.Release|Any CPU.Build.0 = Release|Any CPU
	EndGlobalSection
	GlobalSection(SolutionProperties) = preSolution
		HideSolutionNode = FALSE
	EndGlobalSection
	GlobalSection(ExtensibilityGlobals) = postSolution
		SolutionGuid = {673FAB38-F506-4630-8329-B95927612596}
	EndGlobalSection
EndGlobal
